
Microsoft Visual Studio Solution File, Format Version 12.00
# Visual Studio Version 17
VisualStudioVersion = 17.1.32210.238
MinimumVisualStudioVersion = 10.0.40219.1
Project("{FAE04EC0-301F-11D3-BF4B-00C04F79EFBC}") = "SecurePasswords", "SecurePasswords\SecurePasswords.csproj", "{926FAB43-88D1-4AF7-8E7A-7D39360D123D}"
EndProject
Project("{FAE04EC0-301F-11D3-BF4B-00C04F79EFBC}") = "Data", "Data\Data.csproj", "{76FD9DA6-A750-4566-A6ED-642D08724F34}"
EndProject
Project("{9A19103F-16F7-4668-BE54-9A1E7A4F7556}") = "Hashing", "Hashing\Hashing.csproj", "{33117A0E-F6C8-4082-895F-091260B8B219}"
EndProject
Global
	GlobalSection(SolutionConfigurationPlatforms) = preSolution
		Debug|Any CPU = Debug|Any CPU
		Release|Any CPU = Release|Any CPU
	EndGlobalSection
	GlobalSection(ProjectConfigurationPlatforms) = postSolution
		{926FAB43-88D1-4AF7-8E7A-7D39360D123D}.Debug|Any CPU.ActiveCfg = Debug|Any CPU
		{926FAB43-88D1-4AF7-8E7A-7D39360D123D}.Debug|Any CPU.Build.0 = Debug|Any CPU
		{926FAB43-88D1-4AF7-8E7A-7D39360D123D}.Release|Any CPU.ActiveCfg = Release|Any CPU
		{926FAB43-88D1-4AF7-8E7A-7D39360D123D}.Release|Any CPU.Build.0 = Release|Any CPU
		{76FD9DA6-A750-4566-A6ED-642D08724F34}.Debug|Any CPU.ActiveCfg = Debug|Any CPU
		{76FD9DA6-A750-4566-A6ED-642D08724F34}.Debug|Any CPU.Build.0 = Debug|Any CPU
		{76FD9DA6-A750-4566-A6ED-642D08724F34}.Release|Any CPU.ActiveCfg = Release|Any CPU
		{76FD9DA6-A750-4566-A6ED-642D08724F34}.Release|Any CPU.Build.0 = Release|Any CPU
		{33117A0E-F6C8-4082-895F-091260B8B219}.Debug|Any CPU.ActiveCfg = Debug|Any CPU
		{33117A0E-F6C8-4082-895F-091260B8B219}.Debug|Any CPU.Build.0 = Debug|Any CPU
		{33117A0E-F6C8-4082-895F-091260B8B219}.Release|Any CPU.ActiveCfg = Release|Any CPU
		{33117A0E-F6C8-4082-895F-091260B8B219}.Release|Any CPU.Build.0 = Release|Any CPU
	EndGlobalSection
	GlobalSection(SolutionProperties) = preSolution
		HideSolutionNode = FALSE
	EndGlobalSection
	GlobalSection(ExtensibilityGlobals) = postSolution
		SolutionGuid = {038C655D-03D8-4E24-A1FE-2E53AEE3FFA3}
	EndGlobalSection
EndGlobal
